// !$*UTF8*$!
{
	archiveVersion = 1;
	classes = {
	};
	objectVersion = 77;
	objects = {

/* Begin PBXBuildFile section */
		09B0C246FD7C518E09DBDEC6 /* PlanQuickActionsView.swift in Sources */ = {isa = PBXBuildFile; fileRef = E2DBDE90EB94B281DBE7FFB9 /* PlanQuickActionsView.swift */; };
		1A36F7C9910C11801DB2A937 /* ShareExportView.swift in Sources */ = {isa = PBXBuildFile; fileRef = 00DE3B901FF3E980ECFA8D02 /* ShareExportView.swift */; };
		2AE8C3F4F8484ED7120F1E9C /* StickerPickerView.swift in Sources */ = {isa = PBXBuildFile; fileRef = 94CD86CA241A290EB5AEA9A7 /* StickerPickerView.swift */; };
		2DA958F2F38C0E20CE791CBE /* ShareExportBuilder.swift in Sources */ = {isa = PBXBuildFile; fileRef = BA9E80E54D7D1F7D02CF2905 /* ShareExportBuilder.swift */; };
		3385EA4894780EB2F243EC50 /* AyuWalkCore in Frameworks */ = {isa = PBXBuildFile; productRef = B77D53584ACDC39808ACC607 /* AyuWalkCore */; };
		48A5C243E7FE5F3CDB7B0E2A /* LocalAppStore.swift in Sources */ = {isa = PBXBuildFile; fileRef = FF42B065C5C62BC39662EE23 /* LocalAppStore.swift */; };
		626D0C263A625DF0B946BE6F /* DestinationGeocoder.swift in Sources */ = {isa = PBXBuildFile; fileRef = F93B4FAA48DC107F55B70D08 /* DestinationGeocoder.swift */; };
		768AF1CF14C6D64C9CC518EB /* JournalModulePickerView.swift in Sources */ = {isa = PBXBuildFile; fileRef = 96841A45869C8496DBA976F2 /* JournalModulePickerView.swift */; };
		7991D5B1062E94946EC17BAD /* ActivityEditorView.swift in Sources */ = {isa = PBXBuildFile; fileRef = 1437ECC84C344F3A33EC2DFB /* ActivityEditorView.swift */; };
		867E98218DC92BC1761B1940 /* RouteMapPreviewView.swift in Sources */ = {isa = PBXBuildFile; fileRef = A0D215303CEB1E58B096AA5E /* RouteMapPreviewView.swift */; };
		8F4A61D047F14B4FAF9400C1 /* RouteMapDetailView.swift in Sources */ = {isa = PBXBuildFile; fileRef = 8F4A61CF47F14B4FAF9400C1 /* RouteMapDetailView.swift */; };
		8F93B01D4D6E4F82A7C42001 /* AyuWalkComponents.swift in Sources */ = {isa = PBXBuildFile; fileRef = 8F93B01C4D6E4F82A7C42001 /* AyuWalkComponents.swift */; };
		A50000000000000000000003 /* AWButton.swift in Sources */ = {isa = PBXBuildFile; fileRef = A50000000000000000000002 /* AWButton.swift */; };
		A50000000000000000000005 /* AWCard.swift in Sources */ = {isa = PBXBuildFile; fileRef = A50000000000000000000004 /* AWCard.swift */; };
		A50000000000000000000007 /* AWChip.swift in Sources */ = {isa = PBXBuildFile; fileRef = A50000000000000000000006 /* AWChip.swift */; };
		A50000000000000000000009 /* AWTextField.swift in Sources */ = {isa = PBXBuildFile; fileRef = A50000000000000000000008 /* AWTextField.swift */; };
		A5000000000000000000000B /* AWFloatingTabBar.swift in Sources */ = {isa = PBXBuildFile; fileRef = A5000000000000000000000A /* AWFloatingTabBar.swift */; };
		A5000000000000000000000E /* AWPageScaffold.swift in Sources */ = {isa = PBXBuildFile; fileRef = A5000000000000000000000D /* AWPageScaffold.swift */; };
		A50000000000000000000012 /* AWJournalComponents.swift in Sources */ = {isa = PBXBuildFile; fileRef = A50000000000000000000011 /* AWJournalComponents.swift */; };
		A50000000000000000000016 /* AWBudgetComponents.swift in Sources */ = {isa = PBXBuildFile; fileRef = A50000000000000000000015 /* AWBudgetComponents.swift */; };
		A50000000000000000000019 /* AWPackingComponents.swift in Sources */ = {isa = PBXBuildFile; fileRef = A50000000000000000000018 /* AWPackingComponents.swift */; };
		A60000000000000000000001 /* AyuWalkDecorAssets.swift in Sources */ = {isa = PBXBuildFile; fileRef = A60000000000000000000002 /* AyuWalkDecorAssets.swift */; };
		A60000000000000000000003 /* Assets.xcassets in Resources */ = {isa = PBXBuildFile; fileRef = A60000000000000000000004 /* Assets.xcassets */; };
		A70000000000000000000002 /* CorpSrcWinSong.ttf in Resources */ = {isa = PBXBuildFile; fileRef = A70000000000000000000001 /* CorpSrcWinSong.ttf */; };
		93AB1CD143FB63B93BEDF6DD /* JournalPreviewView.swift in Sources */ = {isa = PBXBuildFile; fileRef = 4D8A90D49A0F90CE3E981578 /* JournalPreviewView.swift */; };
		9E36F96D849DD2537C07861F /* PlanHomeView.swift in Sources */ = {isa = PBXBuildFile; fileRef = B652B36108C1B3E2E39F99A3 /* PlanHomeView.swift */; };
		A18FBC3652D9696F0EE6CE59 /* PackingListView.swift in Sources */ = {isa = PBXBuildFile; fileRef = 88D52EAE7983E1632B12CF82 /* PackingListView.swift */; };
		A3B5067DCC2D466E01D5A971 /* RootView.swift in Sources */ = {isa = PBXBuildFile; fileRef = 50FD91B1655CCC4E024A73E4 /* RootView.swift */; };
		A3E15B3C08E940CDB2859509 /* MapKitFixedNodePlaceResolver.swift in Sources */ = {isa = PBXBuildFile; fileRef = 346E15E07B954EA2868EAD98 /* MapKitFixedNodePlaceResolver.swift */; };
		A422EAC29FF32C1F8D9A314A /* MapKitPlaceResolver.swift in Sources */ = {isa = PBXBuildFile; fileRef = BE72685A8B8E10448CD206EE /* MapKitPlaceResolver.swift */; };
		A88B3A0D8BE344A08C3EB4F6 /* MapKitTravelTimeResolver.swift in Sources */ = {isa = PBXBuildFile; fileRef = D4E00E3875E34C9A9F4DDF94 /* MapKitTravelTimeResolver.swift */; };
		AE02136F5A417B832F582359 /* MiniMaxItineraryPlanner.swift in Sources */ = {isa = PBXBuildFile; fileRef = 47C413C6FBC50756AFAE632C /* MiniMaxItineraryPlanner.swift */; };
		B0C3E6758B3E1D7D20081300 /* JournalPageCard.swift in Sources */ = {isa = PBXBuildFile; fileRef = C92935F5A0F09732F47EA0B5 /* JournalPageCard.swift */; };
		BE03E366A56093E733A83013 /* AyuWalkApp.swift in Sources */ = {isa = PBXBuildFile; fileRef = B6AC6CBC0C8F9C2116FA50D4 /* AyuWalkApp.swift */; };
		CA9EEC1C9DFDA6C04ABBD0E1 /* MiniMaxConfiguration.swift in Sources */ = {isa = PBXBuildFile; fileRef = 47C0325C1CC4810150561C95 /* MiniMaxConfiguration.swift */; };
		D030934DA888A33234CF985A /* CreateTripView.swift in Sources */ = {isa = PBXBuildFile; fileRef = BB43A0F9DB8A8EA6D1C289DF /* CreateTripView.swift */; };
		D0A61B3FC1582BC9B28A3F77 /* AyuWalkTheme.swift in Sources */ = {isa = PBXBuildFile; fileRef = 54CAD4F7F9DCA3DE5BAFF91F /* AyuWalkTheme.swift */; };
		DB8DC0F6258C1BFFC150887B /* BudgetPlannerView.swift in Sources */ = {isa = PBXBuildFile; fileRef = DDEE48EC543840D2C60A90C4 /* BudgetPlannerView.swift */; };
		E28A2E3E381213F428285F53 /* ItineraryTimelineView.swift in Sources */ = {isa = PBXBuildFile; fileRef = 48EA9DE844C169E06B423CC3 /* ItineraryTimelineView.swift */; };
		F250D3644A1CAB3826FF1910 /* AppState.swift in Sources */ = {isa = PBXBuildFile; fileRef = 9EBFC112A9D4E7BB82163E7D /* AppState.swift */; };
/* End PBXBuildFile section */

/* Begin PBXFileReference section */
		00DE3B901FF3E980ECFA8D02 /* ShareExportView.swift */ = {isa = PBXFileReference; lastKnownFileType = sourcecode.swift; path = ShareExportView.swift; sourceTree = "<group>"; };
		10A16320665CF6ABFF6A700F /* AyuWalkApp.app */ = {isa = PBXFileReference; explicitFileType = wrapper.application; includeInIndex = 0; path = AyuWalkApp.app; sourceTree = BUILT_PRODUCTS_DIR; };
		1437ECC84C344F3A33EC2DFB /* ActivityEditorView.swift */ = {isa = PBXFileReference; lastKnownFileType = sourcecode.swift; path = ActivityEditorView.swift; sourceTree = "<group>"; };
		2A209DBA2B63A9D2F9857CC5 /* Info.plist */ = {isa = PBXFileReference; lastKnownFileType = text.plist; path = Info.plist; sourceTree = "<group>"; };
		346E15E07B954EA2868EAD98 /* MapKitFixedNodePlaceResolver.swift */ = {isa = PBXFileReference; lastKnownFileType = sourcecode.swift; path = MapKitFixedNodePlaceResolver.swift; sourceTree = "<group>"; };
		47C0325C1CC4810150561C95 /* MiniMaxConfiguration.swift */ = {isa = PBXFileReference; lastKnownFileType = sourcecode.swift; path = MiniMaxConfiguration.swift; sourceTree = "<group>"; };
		47C413C6FBC50756AFAE632C /* MiniMaxItineraryPlanner.swift */ = {isa = PBXFileReference; lastKnownFileType = sourcecode.swift; path = MiniMaxItineraryPlanner.swift; sourceTree = "<group>"; };
		48EA9DE844C169E06B423CC3 /* ItineraryTimelineView.swift */ = {isa = PBXFileReference; lastKnownFileType = sourcecode.swift; path = ItineraryTimelineView.swift; sourceTree = "<group>"; };
		4B9D4B71A7FFE23BE583A12A /* Secrets.xcconfig */ = {isa = PBXFileReference; lastKnownFileType = text.xcconfig; path = Secrets.xcconfig; sourceTree = "<group>"; };
		4D8A90D49A0F90CE3E981578 /* JournalPreviewView.swift */ = {isa = PBXFileReference; lastKnownFileType = sourcecode.swift; path = JournalPreviewView.swift; sourceTree = "<group>"; };
		50FD91B1655CCC4E024A73E4 /* RootView.swift */ = {isa = PBXFileReference; lastKnownFileType = sourcecode.swift; path = RootView.swift; sourceTree = "<group>"; };
		54CAD4F7F9DCA3DE5BAFF91F /* AyuWalkTheme.swift */ = {isa = PBXFileReference; lastKnownFileType = sourcecode.swift; path = AyuWalkTheme.swift; sourceTree = "<group>"; };
		88D52EAE7983E1632B12CF82 /* PackingListView.swift */ = {isa = PBXFileReference; lastKnownFileType = sourcecode.swift; path = PackingListView.swift; sourceTree = "<group>"; };
		8F4A61CF47F14B4FAF9400C1 /* RouteMapDetailView.swift */ = {isa = PBXFileReference; lastKnownFileType = sourcecode.swift; path = RouteMapDetailView.swift; sourceTree = "<group>"; };
		8F93B01C4D6E4F82A7C42001 /* AyuWalkComponents.swift */ = {isa = PBXFileReference; lastKnownFileType = sourcecode.swift; path = AyuWalkComponents.swift; sourceTree = "<group>"; };
		8F93B0214D6E4F82A7C42001 /* AWJournalComponents.swift */ = {isa = PBXFileReference; lastKnownFileType = sourcecode.swift; path = AWJournalComponents.swift; sourceTree = "<group>"; };
		A50000000000000000000002 /* AWButton.swift */ = {isa = PBXFileReference; lastKnownFileType = sourcecode.swift; path = AWButton.swift; sourceTree = "<group>"; };
		A50000000000000000000004 /* AWCard.swift */ = {isa = PBXFileReference; lastKnownFileType = sourcecode.swift; path = AWCard.swift; sourceTree = "<group>"; };
		A50000000000000000000006 /* AWChip.swift */ = {isa = PBXFileReference; lastKnownFileType = sourcecode.swift; path = AWChip.swift; sourceTree = "<group>"; };
		A50000000000000000000008 /* AWTextField.swift */ = {isa = PBXFileReference; lastKnownFileType = sourcecode.swift; path = AWTextField.swift; sourceTree = "<group>"; };
		A5000000000000000000000A /* AWFloatingTabBar.swift */ = {isa = PBXFileReference; lastKnownFileType = sourcecode.swift; path = AWFloatingTabBar.swift; sourceTree = "<group>"; };
		A5000000000000000000000D /* AWPageScaffold.swift */ = {isa = PBXFileReference; lastKnownFileType = sourcecode.swift; path = AWPageScaffold.swift; sourceTree = "<group>"; };
		A50000000000000000000011 /* AWJournalComponents.swift */ = {isa = PBXFileReference; lastKnownFileType = sourcecode.swift; path = AWJournalComponents.swift; sourceTree = "<group>"; };
		A50000000000000000000015 /* AWBudgetComponents.swift */ = {isa = PBXFileReference; lastKnownFileType = sourcecode.swift; path = AWBudgetComponents.swift; sourceTree = "<group>"; };
		A50000000000000000000018 /* AWPackingComponents.swift */ = {isa = PBXFileReference; lastKnownFileType = sourcecode.swift; path = AWPackingComponents.swift; sourceTree = "<group>"; };
		A60000000000000000000002 /* AyuWalkDecorAssets.swift */ = {isa = PBXFileReference; lastKnownFileType = sourcecode.swift; path = AyuWalkDecorAssets.swift; sourceTree = "<group>"; };
		A60000000000000000000004 /* Assets.xcassets */ = {isa = PBXFileReference; lastKnownFileType = folder.assetcatalog; path = Assets.xcassets; sourceTree = "<group>"; };
		A70000000000000000000001 /* CorpSrcWinSong.ttf */ = {isa = PBXFileReference; lastKnownFileType = file; path = CorpSrcWinSong.ttf; sourceTree = "<group>"; };
		94CD86CA241A290EB5AEA9A7 /* StickerPickerView.swift */ = {isa = PBXFileReference; lastKnownFileType = sourcecode.swift; path = StickerPickerView.swift; sourceTree = "<group>"; };
		96841A45869C8496DBA976F2 /* JournalModulePickerView.swift */ = {isa = PBXFileReference; lastKnownFileType = sourcecode.swift; path = JournalModulePickerView.swift; sourceTree = "<group>"; };
		9EBFC112A9D4E7BB82163E7D /* AppState.swift */ = {isa = PBXFileReference; lastKnownFileType = sourcecode.swift; path = AppState.swift; sourceTree = "<group>"; };
		A0D215303CEB1E58B096AA5E /* RouteMapPreviewView.swift */ = {isa = PBXFileReference; lastKnownFileType = sourcecode.swift; path = RouteMapPreviewView.swift; sourceTree = "<group>"; };
		B1A210826D6B3401B171A923 /* AyuWalkCore */ = {isa = PBXFileReference; lastKnownFileType = folder; path = AyuWalkCore; sourceTree = SOURCE_ROOT; };
		B652B36108C1B3E2E39F99A3 /* PlanHomeView.swift */ = {isa = PBXFileReference; lastKnownFileType = sourcecode.swift; path = PlanHomeView.swift; sourceTree = "<group>"; };
		B6AC6CBC0C8F9C2116FA50D4 /* AyuWalkApp.swift */ = {isa = PBXFileReference; lastKnownFileType = sourcecode.swift; path = AyuWalkApp.swift; sourceTree = "<group>"; };
		BA9E80E54D7D1F7D02CF2905 /* ShareExportBuilder.swift */ = {isa = PBXFileReference; lastKnownFileType = sourcecode.swift; path = ShareExportBuilder.swift; sourceTree = "<group>"; };
		BB43A0F9DB8A8EA6D1C289DF /* CreateTripView.swift */ = {isa = PBXFileReference; lastKnownFileType = sourcecode.swift; path = CreateTripView.swift; sourceTree = "<group>"; };
		BE72685A8B8E10448CD206EE /* MapKitPlaceResolver.swift */ = {isa = PBXFileReference; lastKnownFileType = sourcecode.swift; path = MapKitPlaceResolver.swift; sourceTree = "<group>"; };
		C92935F5A0F09732F47EA0B5 /* JournalPageCard.swift */ = {isa = PBXFileReference; lastKnownFileType = sourcecode.swift; path = JournalPageCard.swift; sourceTree = "<group>"; };
		D4E00E3875E34C9A9F4DDF94 /* MapKitTravelTimeResolver.swift */ = {isa = PBXFileReference; lastKnownFileType = sourcecode.swift; path = MapKitTravelTimeResolver.swift; sourceTree = "<group>"; };
		DDEE48EC543840D2C60A90C4 /* BudgetPlannerView.swift */ = {isa = PBXFileReference; lastKnownFileType = sourcecode.swift; path = BudgetPlannerView.swift; sourceTree = "<group>"; };
		E2DBDE90EB94B281DBE7FFB9 /* PlanQuickActionsView.swift */ = {isa = PBXFileReference; lastKnownFileType = sourcecode.swift; path = PlanQuickActionsView.swift; sourceTree = "<group>"; };
		F93B4FAA48DC107F55B70D08 /* DestinationGeocoder.swift */ = {isa = PBXFileReference; lastKnownFileType = sourcecode.swift; path = DestinationGeocoder.swift; sourceTree = "<group>"; };
		FF42B065C5C62BC39662EE23 /* LocalAppStore.swift */ = {isa = PBXFileReference; lastKnownFileType = sourcecode.swift; path = LocalAppStore.swift; sourceTree = "<group>"; };
/* End PBXFileReference section */

/* Begin PBXFrameworksBuildPhase section */
		220F17F806031C24B1F79EC9 /* Frameworks */ = {
			isa = PBXFrameworksBuildPhase;
			buildActionMask = 2147483647;
			files = (
				3385EA4894780EB2F243EC50 /* AyuWalkCore in Frameworks */,
			);
			runOnlyForDeploymentPostprocessing = 0;
		};
/* End PBXFrameworksBuildPhase section */

/* Begin PBXGroup section */
		120F4D5DC132AA7088FE0052 /* AyuWalkApp */ = {
			isa = PBXGroup;
			children = (
				9EBFC112A9D4E7BB82163E7D /* AppState.swift */,
				B6AC6CBC0C8F9C2116FA50D4 /* AyuWalkApp.swift */,
				F93B4FAA48DC107F55B70D08 /* DestinationGeocoder.swift */,
				2A209DBA2B63A9D2F9857CC5 /* Info.plist */,
				FF42B065C5C62BC39662EE23 /* LocalAppStore.swift */,
				346E15E07B954EA2868EAD98 /* MapKitFixedNodePlaceResolver.swift */,
				BE72685A8B8E10448CD206EE /* MapKitPlaceResolver.swift */,
				D4E00E3875E34C9A9F4DDF94 /* MapKitTravelTimeResolver.swift */,
				619A8E69708B10C8BBBC9962 /* AI */,
				7503131776FAEB991D0DFF85 /* Design */,
				5F5A52B49A6172F2787F8E3C /* Export */,
				D8A36064A9D89FAA2644A6B8 /* Views */,
			);
			path = AyuWalkApp;
			sourceTree = "<group>";
		};
		2D6C72BEEF6C3642E4FBD46F = {
			isa = PBXGroup;
			children = (
				120F4D5DC132AA7088FE0052 /* AyuWalkApp */,
				BA7537F9EF03637561ED123E /* Config */,
				8EC92E6E9D12B54DAFFC8C57 /* Packages */,
				AF68724D28D0932A4120F866 /* Products */,
			);
			sourceTree = "<group>";
		};
		330A9AE78280E90D0E556F7E /* Plan */ = {
			isa = PBXGroup;
			children = (
				1437ECC84C344F3A33EC2DFB /* ActivityEditorView.swift */,
				DDEE48EC543840D2C60A90C4 /* BudgetPlannerView.swift */,
				48EA9DE844C169E06B423CC3 /* ItineraryTimelineView.swift */,
				88D52EAE7983E1632B12CF82 /* PackingListView.swift */,
				B652B36108C1B3E2E39F99A3 /* PlanHomeView.swift */,
				E2DBDE90EB94B281DBE7FFB9 /* PlanQuickActionsView.swift */,
				8F4A61CF47F14B4FAF9400C1 /* RouteMapDetailView.swift */,
				A0D215303CEB1E58B096AA5E /* RouteMapPreviewView.swift */,
			);
			path = Plan;
			sourceTree = "<group>";
		};
		5F5A52B49A6172F2787F8E3C /* Export */ = {
			isa = PBXGroup;
			children = (
				BA9E80E54D7D1F7D02CF2905 /* ShareExportBuilder.swift */,
			);
			path = Export;
			sourceTree = "<group>";
		};
		6057690D037C78A15705354F /* Components */ = {
			isa = PBXGroup;
			children = (
				8F93B01C4D6E4F82A7C42001 /* AyuWalkComponents.swift */,
				8F93B0214D6E4F82A7C42001 /* AWJournalComponents.swift */,
				C92935F5A0F09732F47EA0B5 /* JournalPageCard.swift */,
			);
			path = Components;
			sourceTree = "<group>";
		};
		A50000000000000000000001 /* Primitives */ = {
			isa = PBXGroup;
			children = (
				A50000000000000000000002 /* AWButton.swift */,
				A50000000000000000000004 /* AWCard.swift */,
				A50000000000000000000006 /* AWChip.swift */,
				A50000000000000000000008 /* AWTextField.swift */,
				A5000000000000000000000A /* AWFloatingTabBar.swift */,
			);
			path = Primitives;
			sourceTree = "<group>";
		};
		A5000000000000000000000C /* Scenes */ = {
			isa = PBXGroup;
			children = (
				A5000000000000000000000D /* AWPageScaffold.swift */,
			);
			path = Scenes;
			sourceTree = "<group>";
		};
		A5000000000000000000000F /* Patterns */ = {
			isa = PBXGroup;
			children = (
				A50000000000000000000014 /* Budget */,
				A50000000000000000000010 /* Journal */,
				A50000000000000000000017 /* Packing */,
			);
			path = Patterns;
			sourceTree = "<group>";
		};
		A50000000000000000000014 /* Budget */ = {
			isa = PBXGroup;
			children = (
				A50000000000000000000015 /* AWBudgetComponents.swift */,
			);
			path = Budget;
			sourceTree = "<group>";
		};
		A50000000000000000000010 /* Journal */ = {
			isa = PBXGroup;
			children = (
				A50000000000000000000011 /* AWJournalComponents.swift */,
			);
			path = Journal;
			sourceTree = "<group>";
		};
		A50000000000000000000017 /* Packing */ = {
			isa = PBXGroup;
			children = (
				A50000000000000000000018 /* AWPackingComponents.swift */,
			);
			path = Packing;
			sourceTree = "<group>";
		};
		619A8E69708B10C8BBBC9962 /* AI */ = {
			isa = PBXGroup;
			children = (
				47C0325C1CC4810150561C95 /* MiniMaxConfiguration.swift */,
				47C413C6FBC50756AFAE632C /* MiniMaxItineraryPlanner.swift */,
			);
			path = AI;
			sourceTree = "<group>";
		};
		7503131776FAEB991D0DFF85 /* Design */ = {
			isa = PBXGroup;
			children = (
				A60000000000000000000004 /* Assets.xcassets */,
				A60000000000000000000002 /* AyuWalkDecorAssets.swift */,
				54CAD4F7F9DCA3DE5BAFF91F /* AyuWalkTheme.swift */,
				A70000000000000000000003 /* Fonts */,
			);
			path = Design;
			sourceTree = "<group>";
		};
		A70000000000000000000003 /* Fonts */ = {
			isa = PBXGroup;
			children = (
				A70000000000000000000001 /* CorpSrcWinSong.ttf */,
			);
			path = Fonts;
			sourceTree = "<group>";
		};
		8EC92E6E9D12B54DAFFC8C57 /* Packages */ = {
			isa = PBXGroup;
			children = (
				B1A210826D6B3401B171A923 /* AyuWalkCore */,
			);
			name = Packages;
			sourceTree = "<group>";
		};
		AF68724D28D0932A4120F866 /* Products */ = {
			isa = PBXGroup;
			children = (
				10A16320665CF6ABFF6A700F /* AyuWalkApp.app */,
			);
			name = Products;
			sourceTree = "<group>";
		};
		BA7537F9EF03637561ED123E /* Config */ = {
			isa = PBXGroup;
			children = (
				4B9D4B71A7FFE23BE583A12A /* Secrets.xcconfig */,
			);
			path = Config;
			sourceTree = "<group>";
		};
		CA55DD20C8736E755A8D508F /* Create */ = {
			isa = PBXGroup;
			children = (
				BB43A0F9DB8A8EA6D1C289DF /* CreateTripView.swift */,
			);
			path = Create;
			sourceTree = "<group>";
		};
		D8A36064A9D89FAA2644A6B8 /* Views */ = {
			isa = PBXGroup;
			children = (
				50FD91B1655CCC4E024A73E4 /* RootView.swift */,
				6057690D037C78A15705354F /* Components */,
				CA55DD20C8736E755A8D508F /* Create */,
				FCF7DDD6B13E625A1F1F2AD3 /* Journal */,
				330A9AE78280E90D0E556F7E /* Plan */,
				A5000000000000000000000F /* Patterns */,
				A50000000000000000000001 /* Primitives */,
				A5000000000000000000000C /* Scenes */,
			);
			path = Views;
			sourceTree = "<group>";
		};
		FCF7DDD6B13E625A1F1F2AD3 /* Journal */ = {
			isa = PBXGroup;
			children = (
				96841A45869C8496DBA976F2 /* JournalModulePickerView.swift */,
				4D8A90D49A0F90CE3E981578 /* JournalPreviewView.swift */,
				00DE3B901FF3E980ECFA8D02 /* ShareExportView.swift */,
				94CD86CA241A290EB5AEA9A7 /* StickerPickerView.swift */,
			);
			path = Journal;
			sourceTree = "<group>";
		};
/* End PBXGroup section */

/* Begin PBXNativeTarget section */
		7DA8500C3B04B68E2BF47E2A /* AyuWalkApp */ = {
			isa = PBXNativeTarget;
			buildConfigurationList = A0ADFD526220038B2FC60ADA /* Build configuration list for PBXNativeTarget "AyuWalkApp" */;
			buildPhases = (
				7B945352FA59F5CFAFCD2254 /* Sources */,
				220F17F806031C24B1F79EC9 /* Frameworks */,
				A60000000000000000000005 /* Resources */,
			);
			buildRules = (
			);
			dependencies = (
			);
			name = AyuWalkApp;
			packageProductDependencies = (
				B77D53584ACDC39808ACC607 /* AyuWalkCore */,
			);
			productName = AyuWalkApp;
			productReference = 10A16320665CF6ABFF6A700F /* AyuWalkApp.app */;
			productType = "com.apple.product-type.application";
		};
/* End PBXNativeTarget section */

/* Begin PBXProject section */
		04A65F557C279860F4DBBFF7 /* Project object */ = {
			isa = PBXProject;
			attributes = {
				BuildIndependentTargetsInParallel = YES;
				LastUpgradeCheck = 1430;
			};
			buildConfigurationList = 50CD19B6C9703C0D655CC4CF /* Build configuration list for PBXProject "AyuWalkApp" */;
			developmentRegion = en;
			hasScannedForEncodings = 0;
			knownRegions = (
				Base,
				en,
			);
			mainGroup = 2D6C72BEEF6C3642E4FBD46F;
			minimizedProjectReferenceProxies = 1;
			packageReferences = (
				AA2EC35CEEB3C7E1BA3973DE /* XCLocalSwiftPackageReference "AyuWalkCore" */,
			);
			preferredProjectObjectVersion = 77;
			productRefGroup = AF68724D28D0932A4120F866 /* Products */;
			projectDirPath = "";
			projectRoot = "";
			targets = (
				7DA8500C3B04B68E2BF47E2A /* AyuWalkApp */,
			);
		};
/* End PBXProject section */

/* Begin PBXResourcesBuildPhase section */
		A60000000000000000000005 /* Resources */ = {
			isa = PBXResourcesBuildPhase;
			buildActionMask = 2147483647;
			files = (
				A60000000000000000000003 /* Assets.xcassets in Resources */,
				A70000000000000000000002 /* CorpSrcWinSong.ttf in Resources */,
			);
			runOnlyForDeploymentPostprocessing = 0;
		};
/* End PBXResourcesBuildPhase section */

/* Begin PBXSourcesBuildPhase section */
		7B945352FA59F5CFAFCD2254 /* Sources */ = {
			isa = PBXSourcesBuildPhase;
			buildActionMask = 2147483647;
			files = (
				7991D5B1062E94946EC17BAD /* ActivityEditorView.swift in Sources */,
				F250D3644A1CAB3826FF1910 /* AppState.swift in Sources */,
				BE03E366A56093E733A83013 /* AyuWalkApp.swift in Sources */,
				D0A61B3FC1582BC9B28A3F77 /* AyuWalkTheme.swift in Sources */,
				A60000000000000000000001 /* AyuWalkDecorAssets.swift in Sources */,
				8F93B01D4D6E4F82A7C42001 /* AyuWalkComponents.swift in Sources */,
				A50000000000000000000003 /* AWButton.swift in Sources */,
				A50000000000000000000005 /* AWCard.swift in Sources */,
				A50000000000000000000007 /* AWChip.swift in Sources */,
				A50000000000000000000009 /* AWTextField.swift in Sources */,
				A5000000000000000000000B /* AWFloatingTabBar.swift in Sources */,
				A5000000000000000000000E /* AWPageScaffold.swift in Sources */,
				A50000000000000000000012 /* AWJournalComponents.swift in Sources */,
				A50000000000000000000016 /* AWBudgetComponents.swift in Sources */,
				A50000000000000000000019 /* AWPackingComponents.swift in Sources */,
				DB8DC0F6258C1BFFC150887B /* BudgetPlannerView.swift in Sources */,
				D030934DA888A33234CF985A /* CreateTripView.swift in Sources */,
				626D0C263A625DF0B946BE6F /* DestinationGeocoder.swift in Sources */,
				E28A2E3E381213F428285F53 /* ItineraryTimelineView.swift in Sources */,
				768AF1CF14C6D64C9CC518EB /* JournalModulePickerView.swift in Sources */,
				B0C3E6758B3E1D7D20081300 /* JournalPageCard.swift in Sources */,
				93AB1CD143FB63B93BEDF6DD /* JournalPreviewView.swift in Sources */,
				48A5C243E7FE5F3CDB7B0E2A /* LocalAppStore.swift in Sources */,
				A3E15B3C08E940CDB2859509 /* MapKitFixedNodePlaceResolver.swift in Sources */,
				A422EAC29FF32C1F8D9A314A /* MapKitPlaceResolver.swift in Sources */,
				A88B3A0D8BE344A08C3EB4F6 /* MapKitTravelTimeResolver.swift in Sources */,
				CA9EEC1C9DFDA6C04ABBD0E1 /* MiniMaxConfiguration.swift in Sources */,
				AE02136F5A417B832F582359 /* MiniMaxItineraryPlanner.swift in Sources */,
				A18FBC3652D9696F0EE6CE59 /* PackingListView.swift in Sources */,
				9E36F96D849DD2537C07861F /* PlanHomeView.swift in Sources */,
				09B0C246FD7C518E09DBDEC6 /* PlanQuickActionsView.swift in Sources */,
				A3B5067DCC2D466E01D5A971 /* RootView.swift in Sources */,
				8F4A61D047F14B4FAF9400C1 /* RouteMapDetailView.swift in Sources */,
				867E98218DC92BC1761B1940 /* RouteMapPreviewView.swift in Sources */,
				2DA958F2F38C0E20CE791CBE /* ShareExportBuilder.swift in Sources */,
				1A36F7C9910C11801DB2A937 /* ShareExportView.swift in Sources */,
				2AE8C3F4F8484ED7120F1E9C /* StickerPickerView.swift in Sources */,
			);
			runOnlyForDeploymentPostprocessing = 0;
		};
/* End PBXSourcesBuildPhase section */

/* Begin XCBuildConfiguration section */
		134EA886B1434ED80134CE67 /* Debug */ = {
			isa = XCBuildConfiguration;
			buildSettings = {
				ALWAYS_SEARCH_USER_PATHS = NO;
				CLANG_ANALYZER_NONNULL = YES;
				CLANG_ANALYZER_NUMBER_OBJECT_CONVERSION = YES_AGGRESSIVE;
				CLANG_CXX_LANGUAGE_STANDARD = "gnu++14";
				CLANG_CXX_LIBRARY = "libc++";
				CLANG_ENABLE_MODULES = YES;
				CLANG_ENABLE_OBJC_ARC = YES;
				CLANG_ENABLE_OBJC_WEAK = YES;
				CLANG_WARN_BLOCK_CAPTURE_AUTORELEASING = YES;
				CLANG_WARN_BOOL_CONVERSION = YES;
				CLANG_WARN_COMMA = YES;
				CLANG_WARN_CONSTANT_CONVERSION = YES;
				CLANG_WARN_DEPRECATED_OBJC_IMPLEMENTATIONS = YES;
				CLANG_WARN_DIRECT_OBJC_ISA_USAGE = YES_ERROR;
				CLANG_WARN_DOCUMENTATION_COMMENTS = YES;
				CLANG_WARN_EMPTY_BODY = YES;
				CLANG_WARN_ENUM_CONVERSION = YES;
				CLANG_WARN_INFINITE_RECURSION = YES;
				CLANG_WARN_INT_CONVERSION = YES;
				CLANG_WARN_NON_LITERAL_NULL_CONVERSION = YES;
				CLANG_WARN_OBJC_IMPLICIT_RETAIN_SELF = YES;
				CLANG_WARN_OBJC_LITERAL_CONVERSION = YES;
				CLANG_WARN_OBJC_ROOT_CLASS = YES_ERROR;
				CLANG_WARN_QUOTED_INCLUDE_IN_FRAMEWORK_HEADER = YES;
				CLANG_WARN_RANGE_LOOP_ANALYSIS = YES;
				CLANG_WARN_STRICT_PROTOTYPES = YES;
				CLANG_WARN_SUSPICIOUS_MOVE = YES;
				CLANG_WARN_UNGUARDED_AVAILABILITY = YES_AGGRESSIVE;
				CLANG_WARN_UNREACHABLE_CODE = YES;
				CLANG_WARN__DUPLICATE_METHOD_MATCH = YES;
				COPY_PHASE_STRIP = NO;
				DEBUG_INFORMATION_FORMAT = dwarf;
				ENABLE_STRICT_OBJC_MSGSEND = YES;
				ENABLE_TESTABILITY = YES;
				GCC_C_LANGUAGE_STANDARD = gnu11;
				GCC_DYNAMIC_NO_PIC = NO;
				GCC_NO_COMMON_BLOCKS = YES;
				GCC_OPTIMIZATION_LEVEL = 0;
				GCC_PREPROCESSOR_DEFINITIONS = (
					"$(inherited)",
					"DEBUG=1",
				);
				GCC_WARN_64_TO_32_BIT_CONVERSION = YES;
				GCC_WARN_ABOUT_RETURN_TYPE = YES_ERROR;
				GCC_WARN_UNDECLARED_SELECTOR = YES;
				GCC_WARN_UNINITIALIZED_AUTOS = YES_AGGRESSIVE;
				GCC_WARN_UNUSED_FUNCTION = YES;
				GCC_WARN_UNUSED_VARIABLE = YES;
				IPHONEOS_DEPLOYMENT_TARGET = 17.0;
				MTL_ENABLE_DEBUG_INFO = INCLUDE_SOURCE;
				MTL_FAST_MATH = YES;
				ONLY_ACTIVE_ARCH = YES;
				PRODUCT_NAME = "$(TARGET_NAME)";
				SDKROOT = iphoneos;
				SWIFT_ACTIVE_COMPILATION_CONDITIONS = DEBUG;
				SWIFT_OPTIMIZATION_LEVEL = "-Onone";
				SWIFT_VERSION = 5.0;
			};
			name = Debug;
		};
		1FC5561C9ABBB03E57C85B22 /* Release */ = {
			isa = XCBuildConfiguration;
			buildSettings = {
				ALWAYS_SEARCH_USER_PATHS = NO;
				CLANG_ANALYZER_NONNULL = YES;
				CLANG_ANALYZER_NUMBER_OBJECT_CONVERSION = YES_AGGRESSIVE;
				CLANG_CXX_LANGUAGE_STANDARD = "gnu++14";
				CLANG_CXX_LIBRARY = "libc++";
				CLANG_ENABLE_MODULES = YES;
				CLANG_ENABLE_OBJC_ARC = YES;
				CLANG_ENABLE_OBJC_WEAK = YES;
				CLANG_WARN_BLOCK_CAPTURE_AUTORELEASING = YES;
				CLANG_WARN_BOOL_CONVERSION = YES;
				CLANG_WARN_COMMA = YES;
				CLANG_WARN_CONSTANT_CONVERSION = YES;
				CLANG_WARN_DEPRECATED_OBJC_IMPLEMENTATIONS = YES;
				CLANG_WARN_DIRECT_OBJC_ISA_USAGE = YES_ERROR;
				CLANG_WARN_DOCUMENTATION_COMMENTS = YES;
				CLANG_WARN_EMPTY_BODY = YES;
				CLANG_WARN_ENUM_CONVERSION = YES;
				CLANG_WARN_INFINITE_RECURSION = YES;
				CLANG_WARN_INT_CONVERSION = YES;
				CLANG_WARN_NON_LITERAL_NULL_CONVERSION = YES;
				CLANG_WARN_OBJC_IMPLICIT_RETAIN_SELF = YES;
				CLANG_WARN_OBJC_LITERAL_CONVERSION = YES;
				CLANG_WARN_OBJC_ROOT_CLASS = YES_ERROR;
				CLANG_WARN_QUOTED_INCLUDE_IN_FRAMEWORK_HEADER = YES;
				CLANG_WARN_RANGE_LOOP_ANALYSIS = YES;
				CLANG_WARN_STRICT_PROTOTYPES = YES;
				CLANG_WARN_SUSPICIOUS_MOVE = YES;
				CLANG_WARN_UNGUARDED_AVAILABILITY = YES_AGGRESSIVE;
				CLANG_WARN_UNREACHABLE_CODE = YES;
				CLANG_WARN__DUPLICATE_METHOD_MATCH = YES;
				COPY_PHASE_STRIP = NO;
				DEBUG_INFORMATION_FORMAT = "dwarf-with-dsym";
				ENABLE_NS_ASSERTIONS = NO;
				ENABLE_STRICT_OBJC_MSGSEND = YES;
				GCC_C_LANGUAGE_STANDARD = gnu11;
				GCC_NO_COMMON_BLOCKS = YES;
				GCC_WARN_64_TO_32_BIT_CONVERSION = YES;
				GCC_WARN_ABOUT_RETURN_TYPE = YES_ERROR;
				GCC_WARN_UNDECLARED_SELECTOR = YES;
				GCC_WARN_UNINITIALIZED_AUTOS = YES_AGGRESSIVE;
				GCC_WARN_UNUSED_FUNCTION = YES;
				GCC_WARN_UNUSED_VARIABLE = YES;
				IPHONEOS_DEPLOYMENT_TARGET = 17.0;
				MTL_ENABLE_DEBUG_INFO = NO;
				MTL_FAST_MATH = YES;
				PRODUCT_NAME = "$(TARGET_NAME)";
				SDKROOT = iphoneos;
				SWIFT_COMPILATION_MODE = wholemodule;
				SWIFT_OPTIMIZATION_LEVEL = "-O";
				SWIFT_VERSION = 5.0;
			};
			name = Release;
		};
		C5A0D4A147E46634FBE64238 /* Release */ = {
			isa = XCBuildConfiguration;
			buildSettings = {
				CODE_SIGN_IDENTITY = "iPhone Developer";
				DEVELOPMENT_TEAM = RZYM56XV77;
				GENERATE_INFOPLIST_FILE = NO;
				INFOPLIST_FILE = AyuWalkApp/Info.plist;
				IPHONEOS_DEPLOYMENT_TARGET = 17.0;
				LD_RUNPATH_SEARCH_PATHS = (
					"$(inherited)",
					"@executable_path/Frameworks",
				);
				PRODUCT_BUNDLE_IDENTIFIER = local.ayuwalk.app;
				SDKROOT = iphoneos;
				SWIFT_VERSION = 5.9;
				TARGETED_DEVICE_FAMILY = "1,2";
			};
			name = Release;
		};
		C782F09EA5C2ADE5D04AF999 /* Debug */ = {
			isa = XCBuildConfiguration;
			baseConfigurationReference = 4B9D4B71A7FFE23BE583A12A /* Secrets.xcconfig */;
			buildSettings = {
				CODE_SIGN_IDENTITY = "iPhone Developer";
				DEVELOPMENT_TEAM = RZYM56XV77;
				GENERATE_INFOPLIST_FILE = NO;
				INFOPLIST_FILE = AyuWalkApp/Info.plist;
				IPHONEOS_DEPLOYMENT_TARGET = 17.0;
				LD_RUNPATH_SEARCH_PATHS = (
					"$(inherited)",
					"@executable_path/Frameworks",
				);
				PRODUCT_BUNDLE_IDENTIFIER = local.ayuwalk.app;
				SDKROOT = iphoneos;
				SWIFT_VERSION = 5.9;
				TARGETED_DEVICE_FAMILY = "1,2";
			};
			name = Debug;
		};
/* End XCBuildConfiguration section */

/* Begin XCConfigurationList section */
		50CD19B6C9703C0D655CC4CF /* Build configuration list for PBXProject "AyuWalkApp" */ = {
			isa = XCConfigurationList;
			buildConfigurations = (
				134EA886B1434ED80134CE67 /* Debug */,
				1FC5561C9ABBB03E57C85B22 /* Release */,
			);
			defaultConfigurationIsVisible = 0;
			defaultConfigurationName = Debug;
		};
		A0ADFD526220038B2FC60ADA /* Build configuration list for PBXNativeTarget "AyuWalkApp" */ = {
			isa = XCConfigurationList;
			buildConfigurations = (
				C782F09EA5C2ADE5D04AF999 /* Debug */,
				C5A0D4A147E46634FBE64238 /* Release */,
			);
			defaultConfigurationIsVisible = 0;
			defaultConfigurationName = Debug;
		};
/* End XCConfigurationList section */

/* Begin XCLocalSwiftPackageReference section */
		AA2EC35CEEB3C7E1BA3973DE /* XCLocalSwiftPackageReference "AyuWalkCore" */ = {
			isa = XCLocalSwiftPackageReference;
			relativePath = AyuWalkCore;
		};
/* End XCLocalSwiftPackageReference section */

/* Begin XCSwiftPackageProductDependency section */
		B77D53584ACDC39808ACC607 /* AyuWalkCore */ = {
			isa = XCSwiftPackageProductDependency;
			productName = AyuWalkCore;
		};
/* End XCSwiftPackageProductDependency section */
	};
	rootObject = 04A65F557C279860F4DBBFF7 /* Project object */;
}
