// !$*UTF8*$!
{
	archiveVersion = 1;
	classes = {
	};
	objectVersion = 77;
	objects = {

/* Begin PBXBuildFile section */
		3385EA4894780EB2F243EC50 /* AyuWalkCore in Frameworks */ = {isa = PBXBuildFile; productRef = B77D53584ACDC39808ACC607 /* AyuWalkCore */; };
		93AB1CD143FB63B93BEDF6DD /* JournalPreviewView.swift in Sources */ = {isa = PBXBuildFile; fileRef = 4D8A90D49A0F90CE3E981578 /* JournalPreviewView.swift */; };
		9E36F96D849DD2537C07861F /* PlanHomeView.swift in Sources */ = {isa = PBXBuildFile; fileRef = B652B36108C1B3E2E39F99A3 /* PlanHomeView.swift */; };
		A3B5067DCC2D466E01D5A971 /* RootView.swift in Sources */ = {isa = PBXBuildFile; fileRef = 50FD91B1655CCC4E024A73E4 /* RootView.swift */; };
		B0C3E6758B3E1D7D20081300 /* JournalPageCard.swift in Sources */ = {isa = PBXBuildFile; fileRef = C92935F5A0F09732F47EA0B5 /* JournalPageCard.swift */; };
		BE03E366A56093E733A83013 /* AyuWalkApp.swift in Sources */ = {isa = PBXBuildFile; fileRef = B6AC6CBC0C8F9C2116FA50D4 /* AyuWalkApp.swift */; };
		D0A61B3FC1582BC9B28A3F77 /* AyuWalkTheme.swift in Sources */ = {isa = PBXBuildFile; fileRef = 54CAD4F7F9DCA3DE5BAFF91F /* AyuWalkTheme.swift */; };
		E28A2E3E381213F428285F53 /* ItineraryTimelineView.swift in Sources */ = {isa = PBXBuildFile; fileRef = 48EA9DE844C169E06B423CC3 /* ItineraryTimelineView.swift */; };
		F250D3644A1CAB3826FF1910 /* AppState.swift in Sources */ = {isa = PBXBuildFile; fileRef = 9EBFC112A9D4E7BB82163E7D /* AppState.swift */; };
/* End PBXBuildFile section */

/* Begin PBXFileReference section */
		10A16320665CF6ABFF6A700F /* AyuWalkApp.app */ = {isa = PBXFileReference; includeInIndex = 0; lastKnownFileType = wrapper.application; path = AyuWalkApp.app; sourceTree = BUILT_PRODUCTS_DIR; };
		48EA9DE844C169E06B423CC3 /* ItineraryTimelineView.swift */ = {isa = PBXFileReference; lastKnownFileType = sourcecode.swift; path = ItineraryTimelineView.swift; sourceTree = "<group>"; };
		4D8A90D49A0F90CE3E981578 /* JournalPreviewView.swift */ = {isa = PBXFileReference; lastKnownFileType = sourcecode.swift; path = JournalPreviewView.swift; sourceTree = "<group>"; };
		50FD91B1655CCC4E024A73E4 /* RootView.swift */ = {isa = PBXFileReference; lastKnownFileType = sourcecode.swift; path = RootView.swift; sourceTree = "<group>"; };
		54CAD4F7F9DCA3DE5BAFF91F /* AyuWalkTheme.swift */ = {isa = PBXFileReference; lastKnownFileType = sourcecode.swift; path = AyuWalkTheme.swift; sourceTree = "<group>"; };
		9EBFC112A9D4E7BB82163E7D /* AppState.swift */ = {isa = PBXFileReference; lastKnownFileType = sourcecode.swift; path = AppState.swift; sourceTree = "<group>"; };
		B1A210826D6B3401B171A923 /* AyuWalkCore */ = {isa = PBXFileReference; lastKnownFileType = folder; name = AyuWalkCore; path = AyuWalkCore; sourceTree = SOURCE_ROOT; };
		B652B36108C1B3E2E39F99A3 /* PlanHomeView.swift */ = {isa = PBXFileReference; lastKnownFileType = sourcecode.swift; path = PlanHomeView.swift; sourceTree = "<group>"; };
		B6AC6CBC0C8F9C2116FA50D4 /* AyuWalkApp.swift */ = {isa = PBXFileReference; lastKnownFileType = sourcecode.swift; path = AyuWalkApp.swift; sourceTree = "<group>"; };
		C92935F5A0F09732F47EA0B5 /* JournalPageCard.swift */ = {isa = PBXFileReference; lastKnownFileType = sourcecode.swift; path = JournalPageCard.swift; sourceTree = "<group>"; };
/* End PBXFileReference section */

/* Begin PBXFrameworksBuildPhase section */
		220F17F806031C24B1F79EC9 /* Frameworks */ = {
			isa = PBXFrameworksBuildPhase;
			buildActionMask = 2147483647;
			files = (
				3385EA4894780EB2F243EC50 /* AyuWalkCore in Frameworks */,
			);
			runOnlyForDeploymentPostprocessing = 0;
		};
/* End PBXFrameworksBuildPhase section */

/* Begin PBXGroup section */
		120F4D5DC132AA7088FE0052 /* AyuWalkApp */ = {
			isa = PBXGroup;
			children = (
				9EBFC112A9D4E7BB82163E7D /* AppState.swift */,
				B6AC6CBC0C8F9C2116FA50D4 /* AyuWalkApp.swift */,
				7503131776FAEB991D0DFF85 /* Design */,
				D8A36064A9D89FAA2644A6B8 /* Views */,
			);
			path = AyuWalkApp;
			sourceTree = "<group>";
		};
		2D6C72BEEF6C3642E4FBD46F = {
			isa = PBXGroup;
			children = (
				120F4D5DC132AA7088FE0052 /* AyuWalkApp */,
				8EC92E6E9D12B54DAFFC8C57 /* Packages */,
				AF68724D28D0932A4120F866 /* Products */,
			);
			sourceTree = "<group>";
		};
		330A9AE78280E90D0E556F7E /* Plan */ = {
			isa = PBXGroup;
			children = (
				48EA9DE844C169E06B423CC3 /* ItineraryTimelineView.swift */,
				B652B36108C1B3E2E39F99A3 /* PlanHomeView.swift */,
			);
			path = Plan;
			sourceTree = "<group>";
		};
		6057690D037C78A15705354F /* Components */ = {
			isa = PBXGroup;
			children = (
				C92935F5A0F09732F47EA0B5 /* JournalPageCard.swift */,
			);
			path = Components;
			sourceTree = "<group>";
		};
		7503131776FAEB991D0DFF85 /* Design */ = {
			isa = PBXGroup;
			children = (
				54CAD4F7F9DCA3DE5BAFF91F /* AyuWalkTheme.swift */,
			);
			path = Design;
			sourceTree = "<group>";
		};
		8EC92E6E9D12B54DAFFC8C57 /* Packages */ = {
			isa = PBXGroup;
			children = (
				B1A210826D6B3401B171A923 /* AyuWalkCore */,
			);
			name = Packages;
			sourceTree = "<group>";
		};
		AF68724D28D0932A4120F866 /* Products */ = {
			isa = PBXGroup;
			children = (
				10A16320665CF6ABFF6A700F /* AyuWalkApp.app */,
			);
			name = Products;
			sourceTree = "<group>";
		};
		D8A36064A9D89FAA2644A6B8 /* Views */ = {
			isa = PBXGroup;
			children = (
				50FD91B1655CCC4E024A73E4 /* RootView.swift */,
				6057690D037C78A15705354F /* Components */,
				FCF7DDD6B13E625A1F1F2AD3 /* Journal */,
				330A9AE78280E90D0E556F7E /* Plan */,
			);
			path = Views;
			sourceTree = "<group>";
		};
		FCF7DDD6B13E625A1F1F2AD3 /* Journal */ = {
			isa = PBXGroup;
			children = (
				4D8A90D49A0F90CE3E981578 /* JournalPreviewView.swift */,
			);
			path = Journal;
			sourceTree = "<group>";
		};
/* End PBXGroup section */

/* Begin PBXNativeTarget section */
		7DA8500C3B04B68E2BF47E2A /* AyuWalkApp */ = {
			isa = PBXNativeTarget;
			buildConfigurationList = A0ADFD526220038B2FC60ADA /* Build configuration list for PBXNativeTarget "AyuWalkApp" */;
			buildPhases = (
				7B945352FA59F5CFAFCD2254 /* Sources */,
				220F17F806031C24B1F79EC9 /* Frameworks */,
			);
			buildRules = (
			);
			dependencies = (
			);
			name = AyuWalkApp;
			packageProductDependencies = (
				B77D53584ACDC39808ACC607 /* AyuWalkCore */,
			);
			productName = AyuWalkApp;
			productReference = 10A16320665CF6ABFF6A700F /* AyuWalkApp.app */;
			productType = "com.apple.product-type.application";
		};
/* End PBXNativeTarget section */

/* Begin PBXProject section */
		04A65F557C279860F4DBBFF7 /* Project object */ = {
			isa = PBXProject;
			attributes = {
				BuildIndependentTargetsInParallel = YES;
				LastUpgradeCheck = 1430;
				TargetAttributes = {
				};
			};
			buildConfigurationList = 50CD19B6C9703C0D655CC4CF /* Build configuration list for PBXProject "AyuWalkApp" */;
			developmentRegion = en;
			hasScannedForEncodings = 0;
			knownRegions = (
				Base,
				en,
			);
			mainGroup = 2D6C72BEEF6C3642E4FBD46F;
			minimizedProjectReferenceProxies = 1;
			packageReferences = (
				AA2EC35CEEB3C7E1BA3973DE /* XCLocalSwiftPackageReference "AyuWalkCore" */,
			);
			preferredProjectObjectVersion = 77;
			productRefGroup = AF68724D28D0932A4120F866 /* Products */;
			projectDirPath = "";
			projectRoot = "";
			targets = (
				7DA8500C3B04B68E2BF47E2A /* AyuWalkApp */,
			);
		};
/* End PBXProject section */

/* Begin PBXSourcesBuildPhase section */
		7B945352FA59F5CFAFCD2254 /* Sources */ = {
			isa = PBXSourcesBuildPhase;
			buildActionMask = 2147483647;
			files = (
				F250D3644A1CAB3826FF1910 /* AppState.swift in Sources */,
				BE03E366A56093E733A83013 /* AyuWalkApp.swift in Sources */,
				D0A61B3FC1582BC9B28A3F77 /* AyuWalkTheme.swift in Sources */,
				E28A2E3E381213F428285F53 /* ItineraryTimelineView.swift in Sources */,
				B0C3E6758B3E1D7D20081300 /* JournalPageCard.swift in Sources */,
				93AB1CD143FB63B93BEDF6DD /* JournalPreviewView.swift in Sources */,
				9E36F96D849DD2537C07861F /* PlanHomeView.swift in Sources */,
				A3B5067DCC2D466E01D5A971 /* RootView.swift in Sources */,
			);
			runOnlyForDeploymentPostprocessing = 0;
		};
/* End PBXSourcesBuildPhase section */

/* Begin XCBuildConfiguration section */
		134EA886B1434ED80134CE67 /* Debug */ = {
			isa = XCBuildConfiguration;
			buildSettings = {
				ALWAYS_SEARCH_USER_PATHS = NO;
				CLANG_ANALYZER_NONNULL = YES;
				CLANG_ANALYZER_NUMBER_OBJECT_CONVERSION = YES_AGGRESSIVE;
				CLANG_CXX_LANGUAGE_STANDARD = "gnu++14";
				CLANG_CXX_LIBRARY = "libc++";
				CLANG_ENABLE_MODULES = YES;
				CLANG_ENABLE_OBJC_ARC = YES;
				CLANG_ENABLE_OBJC_WEAK = YES;
				CLANG_WARN_BLOCK_CAPTURE_AUTORELEASING = YES;
				CLANG_WARN_BOOL_CONVERSION = YES;
				CLANG_WARN_COMMA = YES;
				CLANG_WARN_CONSTANT_CONVERSION = YES;
				CLANG_WARN_DEPRECATED_OBJC_IMPLEMENTATIONS = YES;
				CLANG_WARN_DIRECT_OBJC_ISA_USAGE = YES_ERROR;
				CLANG_WARN_DOCUMENTATION_COMMENTS = YES;
				CLANG_WARN_EMPTY_BODY = YES;
				CLANG_WARN_ENUM_CONVERSION = YES;
				CLANG_WARN_INFINITE_RECURSION = YES;
				CLANG_WARN_INT_CONVERSION = YES;
				CLANG_WARN_NON_LITERAL_NULL_CONVERSION = YES;
				CLANG_WARN_OBJC_IMPLICIT_RETAIN_SELF = YES;
				CLANG_WARN_OBJC_LITERAL_CONVERSION = YES;
				CLANG_WARN_OBJC_ROOT_CLASS = YES_ERROR;
				CLANG_WARN_QUOTED_INCLUDE_IN_FRAMEWORK_HEADER = YES;
				CLANG_WARN_RANGE_LOOP_ANALYSIS = YES;
				CLANG_WARN_STRICT_PROTOTYPES = YES;
				CLANG_WARN_SUSPICIOUS_MOVE = YES;
				CLANG_WARN_UNGUARDED_AVAILABILITY = YES_AGGRESSIVE;
				CLANG_WARN_UNREACHABLE_CODE = YES;
				CLANG_WARN__DUPLICATE_METHOD_MATCH = YES;
				COPY_PHASE_STRIP = NO;
				DEBUG_INFORMATION_FORMAT = dwarf;
				ENABLE_STRICT_OBJC_MSGSEND = YES;
				ENABLE_TESTABILITY = YES;
				GCC_C_LANGUAGE_STANDARD = gnu11;
				GCC_DYNAMIC_NO_PIC = NO;
				GCC_NO_COMMON_BLOCKS = YES;
				GCC_OPTIMIZATION_LEVEL = 0;
				GCC_PREPROCESSOR_DEFINITIONS = (
					"$(inherited)",
					"DEBUG=1",
				);
				GCC_WARN_64_TO_32_BIT_CONVERSION = YES;
				GCC_WARN_ABOUT_RETURN_TYPE = YES_ERROR;
				GCC_WARN_UNDECLARED_SELECTOR = YES;
				GCC_WARN_UNINITIALIZED_AUTOS = YES_AGGRESSIVE;
				GCC_WARN_UNUSED_FUNCTION = YES;
				GCC_WARN_UNUSED_VARIABLE = YES;
				IPHONEOS_DEPLOYMENT_TARGET = 17.0;
				MTL_ENABLE_DEBUG_INFO = INCLUDE_SOURCE;
				MTL_FAST_MATH = YES;
				ONLY_ACTIVE_ARCH = YES;
				PRODUCT_NAME = "$(TARGET_NAME)";
				SDKROOT = iphoneos;
				SWIFT_ACTIVE_COMPILATION_CONDITIONS = DEBUG;
				SWIFT_OPTIMIZATION_LEVEL = "-Onone";
				SWIFT_VERSION = 5.0;
			};
			name = Debug;
		};
		1FC5561C9ABBB03E57C85B22 /* Release */ = {
			isa = XCBuildConfiguration;
			buildSettings = {
				ALWAYS_SEARCH_USER_PATHS = NO;
				CLANG_ANALYZER_NONNULL = YES;
				CLANG_ANALYZER_NUMBER_OBJECT_CONVERSION = YES_AGGRESSIVE;
				CLANG_CXX_LANGUAGE_STANDARD = "gnu++14";
				CLANG_CXX_LIBRARY = "libc++";
				CLANG_ENABLE_MODULES = YES;
				CLANG_ENABLE_OBJC_ARC = YES;
				CLANG_ENABLE_OBJC_WEAK = YES;
				CLANG_WARN_BLOCK_CAPTURE_AUTORELEASING = YES;
				CLANG_WARN_BOOL_CONVERSION = YES;
				CLANG_WARN_COMMA = YES;
				CLANG_WARN_CONSTANT_CONVERSION = YES;
				CLANG_WARN_DEPRECATED_OBJC_IMPLEMENTATIONS = YES;
				CLANG_WARN_DIRECT_OBJC_ISA_USAGE = YES_ERROR;
				CLANG_WARN_DOCUMENTATION_COMMENTS = YES;
				CLANG_WARN_EMPTY_BODY = YES;
				CLANG_WARN_ENUM_CONVERSION = YES;
				CLANG_WARN_INFINITE_RECURSION = YES;
				CLANG_WARN_INT_CONVERSION = YES;
				CLANG_WARN_NON_LITERAL_NULL_CONVERSION = YES;
				CLANG_WARN_OBJC_IMPLICIT_RETAIN_SELF = YES;
				CLANG_WARN_OBJC_LITERAL_CONVERSION = YES;
				CLANG_WARN_OBJC_ROOT_CLASS = YES_ERROR;
				CLANG_WARN_QUOTED_INCLUDE_IN_FRAMEWORK_HEADER = YES;
				CLANG_WARN_RANGE_LOOP_ANALYSIS = YES;
				CLANG_WARN_STRICT_PROTOTYPES = YES;
				CLANG_WARN_SUSPICIOUS_MOVE = YES;
				CLANG_WARN_UNGUARDED_AVAILABILITY = YES_AGGRESSIVE;
				CLANG_WARN_UNREACHABLE_CODE = YES;
				CLANG_WARN__DUPLICATE_METHOD_MATCH = YES;
				COPY_PHASE_STRIP = NO;
				DEBUG_INFORMATION_FORMAT = "dwarf-with-dsym";
				ENABLE_NS_ASSERTIONS = NO;
				ENABLE_STRICT_OBJC_MSGSEND = YES;
				GCC_C_LANGUAGE_STANDARD = gnu11;
				GCC_NO_COMMON_BLOCKS = YES;
				GCC_WARN_64_TO_32_BIT_CONVERSION = YES;
				GCC_WARN_ABOUT_RETURN_TYPE = YES_ERROR;
				GCC_WARN_UNDECLARED_SELECTOR = YES;
				GCC_WARN_UNINITIALIZED_AUTOS = YES_AGGRESSIVE;
				GCC_WARN_UNUSED_FUNCTION = YES;
				GCC_WARN_UNUSED_VARIABLE = YES;
				IPHONEOS_DEPLOYMENT_TARGET = 17.0;
				MTL_ENABLE_DEBUG_INFO = NO;
				MTL_FAST_MATH = YES;
				PRODUCT_NAME = "$(TARGET_NAME)";
				SDKROOT = iphoneos;
				SWIFT_COMPILATION_MODE = wholemodule;
				SWIFT_OPTIMIZATION_LEVEL = "-O";
				SWIFT_VERSION = 5.0;
			};
			name = Release;
		};
		C5A0D4A147E46634FBE64238 /* Release */ = {
			isa = XCBuildConfiguration;
			buildSettings = {
				ASSETCATALOG_COMPILER_APPICON_NAME = AppIcon;
				CODE_SIGN_IDENTITY = "iPhone Developer";
				GENERATE_INFOPLIST_FILE = YES;
				INFOPLIST_KEY_CFBundleDisplayName = "Ayu Walk";
				INFOPLIST_KEY_UIApplicationSceneManifest_Generation = YES;
				INFOPLIST_KEY_UILaunchScreen_Generation = YES;
				IPHONEOS_DEPLOYMENT_TARGET = 17.0;
				LD_RUNPATH_SEARCH_PATHS = (
					"$(inherited)",
					"@executable_path/Frameworks",
				);
				PRODUCT_BUNDLE_IDENTIFIER = local.ayuwalk.app;
				SDKROOT = iphoneos;
				SWIFT_VERSION = 5.9;
				TARGETED_DEVICE_FAMILY = "1,2";
			};
			name = Release;
		};
		C782F09EA5C2ADE5D04AF999 /* Debug */ = {
			isa = XCBuildConfiguration;
			buildSettings = {
				ASSETCATALOG_COMPILER_APPICON_NAME = AppIcon;
				CODE_SIGN_IDENTITY = "iPhone Developer";
				GENERATE_INFOPLIST_FILE = YES;
				INFOPLIST_KEY_CFBundleDisplayName = "Ayu Walk";
				INFOPLIST_KEY_UIApplicationSceneManifest_Generation = YES;
				INFOPLIST_KEY_UILaunchScreen_Generation = YES;
				IPHONEOS_DEPLOYMENT_TARGET = 17.0;
				LD_RUNPATH_SEARCH_PATHS = (
					"$(inherited)",
					"@executable_path/Frameworks",
				);
				PRODUCT_BUNDLE_IDENTIFIER = local.ayuwalk.app;
				SDKROOT = iphoneos;
				SWIFT_VERSION = 5.9;
				TARGETED_DEVICE_FAMILY = "1,2";
			};
			name = Debug;
		};
/* End XCBuildConfiguration section */

/* Begin XCConfigurationList section */
		50CD19B6C9703C0D655CC4CF /* Build configuration list for PBXProject "AyuWalkApp" */ = {
			isa = XCConfigurationList;
			buildConfigurations = (
				134EA886B1434ED80134CE67 /* Debug */,
				1FC5561C9ABBB03E57C85B22 /* Release */,
			);
			defaultConfigurationIsVisible = 0;
			defaultConfigurationName = Debug;
		};
		A0ADFD526220038B2FC60ADA /* Build configuration list for PBXNativeTarget "AyuWalkApp" */ = {
			isa = XCConfigurationList;
			buildConfigurations = (
				C782F09EA5C2ADE5D04AF999 /* Debug */,
				C5A0D4A147E46634FBE64238 /* Release */,
			);
			defaultConfigurationIsVisible = 0;
			defaultConfigurationName = Debug;
		};
/* End XCConfigurationList section */

/* Begin XCLocalSwiftPackageReference section */
		AA2EC35CEEB3C7E1BA3973DE /* XCLocalSwiftPackageReference "AyuWalkCore" */ = {
			isa = XCLocalSwiftPackageReference;
			relativePath = AyuWalkCore;
		};
/* End XCLocalSwiftPackageReference section */

/* Begin XCSwiftPackageProductDependency section */
		B77D53584ACDC39808ACC607 /* AyuWalkCore */ = {
			isa = XCSwiftPackageProductDependency;
			productName = AyuWalkCore;
		};
/* End XCSwiftPackageProductDependency section */
	};
	rootObject = 04A65F557C279860F4DBBFF7 /* Project object */;
}
